// !$*UTF8*$!
{
	archiveVersion = 1;
	classes = {
	};
	objectVersion = 56;
	objects = {

/* Begin PBXBuildFile section */
		495681612B7523FE00EC62DB /* DataManager.swift in Sources */ = {isa = PBXBuildFile; fileRef = 495681602B7523FE00EC62DB /* DataManager.swift */; };
		495681632B75244900EC62DB /* WeatherRightNowJSON.swift in Sources */ = {isa = PBXBuildFile; fileRef = 495681622B75244900EC62DB /* WeatherRightNowJSON.swift */; };
		4956816B2B752FF500EC62DB /* APIKey.swift in Sources */ = {isa = PBXBuildFile; fileRef = 4956816A2B752FF500EC62DB /* APIKey.swift */; };
		4956816E2B7530E600EC62DB /* ShareWeatherDataProtocol.swift in Sources */ = {isa = PBXBuildFile; fileRef = 4956816D2B7530E600EC62DB /* ShareWeatherDataProtocol.swift */; };
		495681702B75379900EC62DB /* TableViewController.swift in Sources */ = {isa = PBXBuildFile; fileRef = 4956816F2B75379900EC62DB /* TableViewController.swift */; };
		4962C7052B865FD90053E170 /* Assets.xcassets in Resources */ = {isa = PBXBuildFile; fileRef = 4962C7072B865FD90053E170 /* Assets.xcassets */; };
		496330962B7B544800222577 /* SearchTableViewCell.swift in Sources */ = {isa = PBXBuildFile; fileRef = 496330952B7B544800222577 /* SearchTableViewCell.swift */; };
		49637E5C2B7CF84100AB68DE /* ShareWeatherDataListProtocol.swift in Sources */ = {isa = PBXBuildFile; fileRef = 49637E5B2B7CF84100AB68DE /* ShareWeatherDataListProtocol.swift */; };
		49637E5E2B7CFBDA00AB68DE /* Extention + StringProtocol.swift in Sources */ = {isa = PBXBuildFile; fileRef = 49637E5D2B7CFBDA00AB68DE /* Extention + StringProtocol.swift */; };
		49637E602B7CFD4D00AB68DE /* Extention + MainVC(Source and delegate).swift in Sources */ = {isa = PBXBuildFile; fileRef = 49637E5F2B7CFD4D00AB68DE /* Extention + MainVC(Source and delegate).swift */; };
		49637E622B7CFE1600AB68DE /* Extention + TableVC(ShareWeatherDataListProtocol).swift in Sources */ = {isa = PBXBuildFile; fileRef = 49637E612B7CFE1600AB68DE /* Extention + TableVC(ShareWeatherDataListProtocol).swift */; };
		4965B8E02B73E2500008EB2C /* AppDelegate.swift in Sources */ = {isa = PBXBuildFile; fileRef = 4965B8DF2B73E2500008EB2C /* AppDelegate.swift */; };
		4965B8E22B73E2500008EB2C /* SceneDelegate.swift in Sources */ = {isa = PBXBuildFile; fileRef = 4965B8E12B73E2500008EB2C /* SceneDelegate.swift */; };
		4965B8E42B73E2500008EB2C /* MainViewController.swift in Sources */ = {isa = PBXBuildFile; fileRef = 4965B8E32B73E2500008EB2C /* MainViewController.swift */; };
		4965B8E72B73E2500008EB2C /* Main.storyboard in Resources */ = {isa = PBXBuildFile; fileRef = 4965B8E52B73E2500008EB2C /* Main.storyboard */; };
		4965B8EC2B73E2510008EB2C /* LaunchScreen.storyboard in Resources */ = {isa = PBXBuildFile; fileRef = 4965B8EA2B73E2510008EB2C /* LaunchScreen.storyboard */; };
		496F53562B7699AC008DD1D3 /* Extention + MainVC(ShereDataProtocol).swift in Sources */ = {isa = PBXBuildFile; fileRef = 496F53552B7699AC008DD1D3 /* Extention + MainVC(ShereDataProtocol).swift */; };
		49C28FCB2B7A739C00DA648F /* CityNameWithDate.swift in Sources */ = {isa = PBXBuildFile; fileRef = 49C28FCA2B7A739C00DA648F /* CityNameWithDate.swift */; };
/* End PBXBuildFile section */

/* Begin PBXFileReference section */
		495681602B7523FE00EC62DB /* DataManager.swift */ = {isa = PBXFileReference; lastKnownFileType = sourcecode.swift; path = DataManager.swift; sourceTree = "<group>"; };
		495681622B75244900EC62DB /* WeatherRightNowJSON.swift */ = {isa = PBXFileReference; lastKnownFileType = sourcecode.swift; path = WeatherRightNowJSON.swift; sourceTree = "<group>"; };
		4956816A2B752FF500EC62DB /* APIKey.swift */ = {isa = PBXFileReference; lastKnownFileType = sourcecode.swift; path = APIKey.swift; sourceTree = "<group>"; };
		4956816D2B7530E600EC62DB /* ShareWeatherDataProtocol.swift */ = {isa = PBXFileReference; lastKnownFileType = sourcecode.swift; path = ShareWeatherDataProtocol.swift; sourceTree = "<group>"; };
		4956816F2B75379900EC62DB /* TableViewController.swift */ = {isa = PBXFileReference; lastKnownFileType = sourcecode.swift; path = TableViewController.swift; sourceTree = "<group>"; };
		4962C7062B865FD90053E170 /* Base */ = {isa = PBXFileReference; lastKnownFileType = folder.assetcatalog; name = Base; path = Base.lproj/Assets.xcassets; sourceTree = "<group>"; };
		496330952B7B544800222577 /* SearchTableViewCell.swift */ = {isa = PBXFileReference; lastKnownFileType = sourcecode.swift; path = SearchTableViewCell.swift; sourceTree = "<group>"; };
		49637E5B2B7CF84100AB68DE /* ShareWeatherDataListProtocol.swift */ = {isa = PBXFileReference; lastKnownFileType = sourcecode.swift; path = ShareWeatherDataListProtocol.swift; sourceTree = "<group>"; };
		49637E5D2B7CFBDA00AB68DE /* Extention + StringProtocol.swift */ = {isa = PBXFileReference; lastKnownFileType = sourcecode.swift; path = "Extention + StringProtocol.swift"; sourceTree = "<group>"; };
		49637E5F2B7CFD4D00AB68DE /* Extention + MainVC(Source and delegate).swift */ = {isa = PBXFileReference; lastKnownFileType = sourcecode.swift; path = "Extention + MainVC(Source and delegate).swift"; sourceTree = "<group>"; };
		49637E612B7CFE1600AB68DE /* Extention + TableVC(ShareWeatherDataListProtocol).swift */ = {isa = PBXFileReference; lastKnownFileType = sourcecode.swift; path = "Extention + TableVC(ShareWeatherDataListProtocol).swift"; sourceTree = "<group>"; };
		4965B8DC2B73E2500008EB2C /* NapyWeather.app */ = {isa = PBXFileReference; explicitFileType = wrapper.application; includeInIndex = 0; path = NapyWeather.app; sourceTree = BUILT_PRODUCTS_DIR; };
		4965B8DF2B73E2500008EB2C /* AppDelegate.swift */ = {isa = PBXFileReference; lastKnownFileType = sourcecode.swift; path = AppDelegate.swift; sourceTree = "<group>"; };
		4965B8E12B73E2500008EB2C /* SceneDelegate.swift */ = {isa = PBXFileReference; lastKnownFileType = sourcecode.swift; path = SceneDelegate.swift; sourceTree = "<group>"; };
		4965B8E32B73E2500008EB2C /* MainViewController.swift */ = {isa = PBXFileReference; lastKnownFileType = sourcecode.swift; path = MainViewController.swift; sourceTree = "<group>"; };
		4965B8E62B73E2500008EB2C /* Base */ = {isa = PBXFileReference; lastKnownFileType = file.storyboard; name = Base; path = Base.lproj/Main.storyboard; sourceTree = "<group>"; };
		4965B8EB2B73E2510008EB2C /* Base */ = {isa = PBXFileReference; lastKnownFileType = file.storyboard; name = Base; path = Base.lproj/LaunchScreen.storyboard; sourceTree = "<group>"; };
		4965B8ED2B73E2510008EB2C /* Info.plist */ = {isa = PBXFileReference; lastKnownFileType = text.plist.xml; path = Info.plist; sourceTree = "<group>"; };
		496F53552B7699AC008DD1D3 /* Extention + MainVC(ShereDataProtocol).swift */ = {isa = PBXFileReference; lastKnownFileType = sourcecode.swift; path = "Extention + MainVC(ShereDataProtocol).swift"; sourceTree = "<group>"; };
		49C28FCA2B7A739C00DA648F /* CityNameWithDate.swift */ = {isa = PBXFileReference; lastKnownFileType = sourcecode.swift; path = CityNameWithDate.swift; sourceTree = "<group>"; };
/* End PBXFileReference section */

/* Begin PBXFrameworksBuildPhase section */
		4965B8D92B73E2500008EB2C /* Frameworks */ = {
			isa = PBXFrameworksBuildPhase;
			buildActionMask = 2147483647;
			files = (
			);
			runOnlyForDeploymentPostprocessing = 0;
		};
/* End PBXFrameworksBuildPhase section */

/* Begin PBXGroup section */
		495681692B752FDE00EC62DB /* Key */ = {
			isa = PBXGroup;
			children = (
				4956816A2B752FF500EC62DB /* APIKey.swift */,
			);
			name = Key;
			path = Helpers/Key;
			sourceTree = "<group>";
		};
		4956816C2B7530C000EC62DB /* Protocols */ = {
			isa = PBXGroup;
			children = (
				4956816D2B7530E600EC62DB /* ShareWeatherDataProtocol.swift */,
				49637E5B2B7CF84100AB68DE /* ShareWeatherDataListProtocol.swift */,
				49637E5D2B7CFBDA00AB68DE /* Extention + StringProtocol.swift */,
			);
			path = Protocols;
			sourceTree = "<group>";
		};
		4965B8D32B73E2500008EB2C = {
			isa = PBXGroup;
			children = (
				4965B8DE2B73E2500008EB2C /* NapyWeather */,
				4965B8DD2B73E2500008EB2C /* Products */,
			);
			sourceTree = "<group>";
		};
		4965B8DD2B73E2500008EB2C /* Products */ = {
			isa = PBXGroup;
			children = (
				4965B8DC2B73E2500008EB2C /* NapyWeather.app */,
			);
			name = Products;
			sourceTree = "<group>";
		};
		4965B8DE2B73E2500008EB2C /* NapyWeather */ = {
			isa = PBXGroup;
			children = (
				4965B8F52B73E2890008EB2C /* App */,
				4956816C2B7530C000EC62DB /* Protocols */,
				4965B8F72B73E29C0008EB2C /* Models */,
				4965B8F42B73E2790008EB2C /* ViewControllers */,
				4965B8F32B73E2690008EB2C /* Storyboards */,
				4965B8F62B73E2940008EB2C /* Helpers */,
				495681692B752FDE00EC62DB /* Key */,
				4965B8ED2B73E2510008EB2C /* Info.plist */,
			);
			path = NapyWeather;
			sourceTree = "<group>";
		};
		4965B8F32B73E2690008EB2C /* Storyboards */ = {
			isa = PBXGroup;
			children = (
				4965B8E52B73E2500008EB2C /* Main.storyboard */,
				4965B8EA2B73E2510008EB2C /* LaunchScreen.storyboard */,
			);
			path = Storyboards;
			sourceTree = "<group>";
		};
		4965B8F42B73E2790008EB2C /* ViewControllers */ = {
			isa = PBXGroup;
			children = (
				4965B8E32B73E2500008EB2C /* MainViewController.swift */,
				496F53552B7699AC008DD1D3 /* Extention + MainVC(ShereDataProtocol).swift */,
				49637E5F2B7CFD4D00AB68DE /* Extention + MainVC(Source and delegate).swift */,
				4956816F2B75379900EC62DB /* TableViewController.swift */,
				49637E612B7CFE1600AB68DE /* Extention + TableVC(ShareWeatherDataListProtocol).swift */,
			);
			path = ViewControllers;
			sourceTree = "<group>";
		};
		4965B8F52B73E2890008EB2C /* App */ = {
			isa = PBXGroup;
			children = (
				4965B8DF2B73E2500008EB2C /* AppDelegate.swift */,
				4965B8E12B73E2500008EB2C /* SceneDelegate.swift */,
				4962C7072B865FD90053E170 /* Assets.xcassets */,
			);
			path = App;
			sourceTree = "<group>";
		};
		4965B8F62B73E2940008EB2C /* Helpers */ = {
			isa = PBXGroup;
			children = (
				495681602B7523FE00EC62DB /* DataManager.swift */,
				496330952B7B544800222577 /* SearchTableViewCell.swift */,
			);
			path = Helpers;
			sourceTree = "<group>";
		};
		4965B8F72B73E29C0008EB2C /* Models */ = {
			isa = PBXGroup;
			children = (
				495681622B75244900EC62DB /* WeatherRightNowJSON.swift */,
				49C28FCA2B7A739C00DA648F /* CityNameWithDate.swift */,
			);
			path = Models;
			sourceTree = "<group>";
		};
/* End PBXGroup section */

/* Begin PBXNativeTarget section */
		4965B8DB2B73E2500008EB2C /* NapyWeather */ = {
			isa = PBXNativeTarget;
			buildConfigurationList = 4965B8F02B73E2510008EB2C /* Build configuration list for PBXNativeTarget "NapyWeather" */;
			buildPhases = (
				4965B8D82B73E2500008EB2C /* Sources */,
				4965B8D92B73E2500008EB2C /* Frameworks */,
				4965B8DA2B73E2500008EB2C /* Resources */,
			);
			buildRules = (
			);
			dependencies = (
			);
			name = NapyWeather;
			productName = NapyWeather;
			productReference = 4965B8DC2B73E2500008EB2C /* NapyWeather.app */;
			productType = "com.apple.product-type.application";
		};
/* End PBXNativeTarget section */

/* Begin PBXProject section */
		4965B8D42B73E2500008EB2C /* Project object */ = {
			isa = PBXProject;
			attributes = {
				BuildIndependentTargetsInParallel = 1;
				LastSwiftUpdateCheck = 1500;
				LastUpgradeCheck = 1500;
				TargetAttributes = {
					4965B8DB2B73E2500008EB2C = {
						CreatedOnToolsVersion = 15.0.1;
					};
				};
			};
			buildConfigurationList = 4965B8D72B73E2500008EB2C /* Build configuration list for PBXProject "NapyWeather" */;
			compatibilityVersion = "Xcode 14.0";
			developmentRegion = en;
			hasScannedForEncodings = 0;
			knownRegions = (
				en,
				Base,
			);
			mainGroup = 4965B8D32B73E2500008EB2C;
			productRefGroup = 4965B8DD2B73E2500008EB2C /* Products */;
			projectDirPath = "";
			projectRoot = "";
			targets = (
				4965B8DB2B73E2500008EB2C /* NapyWeather */,
			);
		};
/* End PBXProject section */

/* Begin PBXResourcesBuildPhase section */
		4965B8DA2B73E2500008EB2C /* Resources */ = {
			isa = PBXResourcesBuildPhase;
			buildActionMask = 2147483647;
			files = (
				4965B8EC2B73E2510008EB2C /* LaunchScreen.storyboard in Resources */,
				4962C7052B865FD90053E170 /* Assets.xcassets in Resources */,
				4965B8E72B73E2500008EB2C /* Main.storyboard in Resources */,
			);
			runOnlyForDeploymentPostprocessing = 0;
		};
/* End PBXResourcesBuildPhase section */

/* Begin PBXSourcesBuildPhase section */
		4965B8D82B73E2500008EB2C /* Sources */ = {
			isa = PBXSourcesBuildPhase;
			buildActionMask = 2147483647;
			files = (
				49637E5C2B7CF84100AB68DE /* ShareWeatherDataListProtocol.swift in Sources */,
				49637E622B7CFE1600AB68DE /* Extention + TableVC(ShareWeatherDataListProtocol).swift in Sources */,
				4965B8E42B73E2500008EB2C /* MainViewController.swift in Sources */,
				495681612B7523FE00EC62DB /* DataManager.swift in Sources */,
				4965B8E02B73E2500008EB2C /* AppDelegate.swift in Sources */,
				495681702B75379900EC62DB /* TableViewController.swift in Sources */,
				49637E5E2B7CFBDA00AB68DE /* Extention + StringProtocol.swift in Sources */,
				496330962B7B544800222577 /* SearchTableViewCell.swift in Sources */,
				4965B8E22B73E2500008EB2C /* SceneDelegate.swift in Sources */,
				496F53562B7699AC008DD1D3 /* Extention + MainVC(ShereDataProtocol).swift in Sources */,
				4956816B2B752FF500EC62DB /* APIKey.swift in Sources */,
				495681632B75244900EC62DB /* WeatherRightNowJSON.swift in Sources */,
				4956816E2B7530E600EC62DB /* ShareWeatherDataProtocol.swift in Sources */,
				49C28FCB2B7A739C00DA648F /* CityNameWithDate.swift in Sources */,
				49637E602B7CFD4D00AB68DE /* Extention + MainVC(Source and delegate).swift in Sources */,
			);
			runOnlyForDeploymentPostprocessing = 0;
		};
/* End PBXSourcesBuildPhase section */

/* Begin PBXVariantGroup section */
		4962C7072B865FD90053E170 /* Assets.xcassets */ = {
			isa = PBXVariantGroup;
			children = (
				4962C7062B865FD90053E170 /* Base */,
			);
			name = Assets.xcassets;
			path = /Users/mir/Documents/SwiftSources/NapyWeather/NapyWeather/App;
			sourceTree = "<absolute>";
		};
		4965B8E52B73E2500008EB2C /* Main.storyboard */ = {
			isa = PBXVariantGroup;
			children = (
				4965B8E62B73E2500008EB2C /* Base */,
			);
			name = Main.storyboard;
			sourceTree = "<group>";
		};
		4965B8EA2B73E2510008EB2C /* LaunchScreen.storyboard */ = {
			isa = PBXVariantGroup;
			children = (
				4965B8EB2B73E2510008EB2C /* Base */,
			);
			name = LaunchScreen.storyboard;
			sourceTree = "<group>";
		};
/* End PBXVariantGroup section */

/* Begin XCBuildConfiguration section */
		4965B8EE2B73E2510008EB2C /* Debug */ = {
			isa = XCBuildConfiguration;
			buildSettings = {
				ALWAYS_SEARCH_USER_PATHS = NO;
				ASSETCATALOG_COMPILER_GENERATE_SWIFT_ASSET_SYMBOL_EXTENSIONS = YES;
				CLANG_ANALYZER_NONNULL = YES;
				CLANG_ANALYZER_NUMBER_OBJECT_CONVERSION = YES_AGGRESSIVE;
				CLANG_CXX_LANGUAGE_STANDARD = "gnu++20";
				CLANG_ENABLE_MODULES = YES;
				CLANG_ENABLE_OBJC_ARC = YES;
				CLANG_ENABLE_OBJC_WEAK = YES;
				CLANG_WARN_BLOCK_CAPTURE_AUTORELEASING = YES;
				CLANG_WARN_BOOL_CONVERSION = YES;
				CLANG_WARN_COMMA = YES;
				CLANG_WARN_CONSTANT_CONVERSION = YES;
				CLANG_WARN_DEPRECATED_OBJC_IMPLEMENTATIONS = YES;
				CLANG_WARN_DIRECT_OBJC_ISA_USAGE = YES_ERROR;
				CLANG_WARN_DOCUMENTATION_COMMENTS = YES;
				CLANG_WARN_EMPTY_BODY = YES;
				CLANG_WARN_ENUM_CONVERSION = YES;
				CLANG_WARN_INFINITE_RECURSION = YES;
				CLANG_WARN_INT_CONVERSION = YES;
				CLANG_WARN_NON_LITERAL_NULL_CONVERSION = YES;
				CLANG_WARN_OBJC_IMPLICIT_RETAIN_SELF = YES;
				CLANG_WARN_OBJC_LITERAL_CONVERSION = YES;
				CLANG_WARN_OBJC_ROOT_CLASS = YES_ERROR;
				CLANG_WARN_QUOTED_INCLUDE_IN_FRAMEWORK_HEADER = YES;
				CLANG_WARN_RANGE_LOOP_ANALYSIS = YES;
				CLANG_WARN_STRICT_PROTOTYPES = YES;
				CLANG_WARN_SUSPICIOUS_MOVE = YES;
				CLANG_WARN_UNGUARDED_AVAILABILITY = YES_AGGRESSIVE;
				CLANG_WARN_UNREACHABLE_CODE = YES;
				CLANG_WARN__DUPLICATE_METHOD_MATCH = YES;
				COPY_PHASE_STRIP = NO;
				DEBUG_INFORMATION_FORMAT = dwarf;
				ENABLE_STRICT_OBJC_MSGSEND = YES;
				ENABLE_TESTABILITY = YES;
				ENABLE_USER_SCRIPT_SANDBOXING = YES;
				GCC_C_LANGUAGE_STANDARD = gnu17;
				GCC_DYNAMIC_NO_PIC = NO;
				GCC_NO_COMMON_BLOCKS = YES;
				GCC_OPTIMIZATION_LEVEL = 0;
				GCC_PREPROCESSOR_DEFINITIONS = (
					"DEBUG=1",
					"$(inherited)",
				);
				GCC_WARN_64_TO_32_BIT_CONVERSION = YES;
				GCC_WARN_ABOUT_RETURN_TYPE = YES_ERROR;
				GCC_WARN_UNDECLARED_SELECTOR = YES;
				GCC_WARN_UNINITIALIZED_AUTOS = YES_AGGRESSIVE;
				GCC_WARN_UNUSED_FUNCTION = YES;
				GCC_WARN_UNUSED_VARIABLE = YES;
				INFOPLIST_FILE = "";
				IPHONEOS_DEPLOYMENT_TARGET = 17.0;
				LOCALIZATION_PREFERS_STRING_CATALOGS = YES;
				MTL_ENABLE_DEBUG_INFO = INCLUDE_SOURCE;
				MTL_FAST_MATH = YES;
				ONLY_ACTIVE_ARCH = YES;
				SDKROOT = iphoneos;
				SWIFT_ACTIVE_COMPILATION_CONDITIONS = "DEBUG $(inherited)";
				SWIFT_OPTIMIZATION_LEVEL = "-Onone";
			};
			name = Debug;
		};
		4965B8EF2B73E2510008EB2C /* Release */ = {
			isa = XCBuildConfiguration;
			buildSettings = {
				ALWAYS_SEARCH_USER_PATHS = NO;
				ASSETCATALOG_COMPILER_GENERATE_SWIFT_ASSET_SYMBOL_EXTENSIONS = YES;
				CLANG_ANALYZER_NONNULL = YES;
				CLANG_ANALYZER_NUMBER_OBJECT_CONVERSION = YES_AGGRESSIVE;
				CLANG_CXX_LANGUAGE_STANDARD = "gnu++20";
				CLANG_ENABLE_MODULES = YES;
				CLANG_ENABLE_OBJC_ARC = YES;
				CLANG_ENABLE_OBJC_WEAK = YES;
				CLANG_WARN_BLOCK_CAPTURE_AUTORELEASING = YES;
				CLANG_WARN_BOOL_CONVERSION = YES;
				CLANG_WARN_COMMA = YES;
				CLANG_WARN_CONSTANT_CONVERSION = YES;
				CLANG_WARN_DEPRECATED_OBJC_IMPLEMENTATIONS = YES;
				CLANG_WARN_DIRECT_OBJC_ISA_USAGE = YES_ERROR;
				CLANG_WARN_DOCUMENTATION_COMMENTS = YES;
				CLANG_WARN_EMPTY_BODY = YES;
				CLANG_WARN_ENUM_CONVERSION = YES;
				CLANG_WARN_INFINITE_RECURSION = YES;
				CLANG_WARN_INT_CONVERSION = YES;
				CLANG_WARN_NON_LITERAL_NULL_CONVERSION = YES;
				CLANG_WARN_OBJC_IMPLICIT_RETAIN_SELF = YES;
				CLANG_WARN_OBJC_LITERAL_CONVERSION = YES;
				CLANG_WARN_OBJC_ROOT_CLASS = YES_ERROR;
				CLANG_WARN_QUOTED_INCLUDE_IN_FRAMEWORK_HEADER = YES;
				CLANG_WARN_RANGE_LOOP_ANALYSIS = YES;
				CLANG_WARN_STRICT_PROTOTYPES = YES;
				CLANG_WARN_SUSPICIOUS_MOVE = YES;
				CLANG_WARN_UNGUARDED_AVAILABILITY = YES_AGGRESSIVE;
				CLANG_WARN_UNREACHABLE_CODE = YES;
				CLANG_WARN__DUPLICATE_METHOD_MATCH = YES;
				COPY_PHASE_STRIP = NO;
				DEBUG_INFORMATION_FORMAT = "dwarf-with-dsym";
				ENABLE_NS_ASSERTIONS = NO;
				ENABLE_STRICT_OBJC_MSGSEND = YES;
				ENABLE_USER_SCRIPT_SANDBOXING = YES;
				GCC_C_LANGUAGE_STANDARD = gnu17;
				GCC_NO_COMMON_BLOCKS = YES;
				GCC_WARN_64_TO_32_BIT_CONVERSION = YES;
				GCC_WARN_ABOUT_RETURN_TYPE = YES_ERROR;
				GCC_WARN_UNDECLARED_SELECTOR = YES;
				GCC_WARN_UNINITIALIZED_AUTOS = YES_AGGRESSIVE;
				GCC_WARN_UNUSED_FUNCTION = YES;
				GCC_WARN_UNUSED_VARIABLE = YES;
				INFOPLIST_FILE = "";
				IPHONEOS_DEPLOYMENT_TARGET = 17.0;
				LOCALIZATION_PREFERS_STRING_CATALOGS = YES;
				MTL_ENABLE_DEBUG_INFO = NO;
				MTL_FAST_MATH = YES;
				SDKROOT = iphoneos;
				SWIFT_COMPILATION_MODE = wholemodule;
				VALIDATE_PRODUCT = YES;
			};
			name = Release;
		};
		4965B8F12B73E2510008EB2C /* Debug */ = {
			isa = XCBuildConfiguration;
			buildSettings = {
				ASSETCATALOG_COMPILER_APPICON_NAME = AppIcon;
				ASSETCATALOG_COMPILER_GLOBAL_ACCENT_COLOR_NAME = AccentColor;
				CODE_SIGN_STYLE = Automatic;
				CURRENT_PROJECT_VERSION = 1;
				GENERATE_INFOPLIST_FILE = YES;
				INFOPLIST_FILE = NapyWeather/Info.plist;
				INFOPLIST_KEY_LSApplicationCategoryType = "public.app-category.weather";
				INFOPLIST_KEY_NSLocationWhenInUseUsageDescription = "Необходим доступ к геоданным для автоматического предоставления данных о погоде в вашем регионе";
				INFOPLIST_KEY_UIApplicationSupportsIndirectInputEvents = YES;
				INFOPLIST_KEY_UILaunchStoryboardName = LaunchScreen;
				INFOPLIST_KEY_UIMainStoryboardFile = Main;
				INFOPLIST_KEY_UISupportedInterfaceOrientations = UIInterfaceOrientationPortrait;
				INFOPLIST_KEY_UISupportedInterfaceOrientations_iPad = "UIInterfaceOrientationLandscapeLeft UIInterfaceOrientationLandscapeRight UIInterfaceOrientationPortrait UIInterfaceOrientationPortraitUpsideDown";
				LD_RUNPATH_SEARCH_PATHS = (
					"$(inherited)",
					"@executable_path/Frameworks",
				);
				MARKETING_VERSION = 1.0;
				PRODUCT_BUNDLE_IDENTIFIER = ru.NapyWeather;
				PRODUCT_NAME = "$(TARGET_NAME)";
				SWIFT_EMIT_LOC_STRINGS = YES;
				SWIFT_VERSION = 5.0;
				TARGETED_DEVICE_FAMILY = "1,2";
			};
			name = Debug;
		};
		4965B8F22B73E2510008EB2C /* Release */ = {
			isa = XCBuildConfiguration;
			buildSettings = {
				ASSETCATALOG_COMPILER_APPICON_NAME = AppIcon;
				ASSETCATALOG_COMPILER_GLOBAL_ACCENT_COLOR_NAME = AccentColor;
				CODE_SIGN_STYLE = Automatic;
				CURRENT_PROJECT_VERSION = 1;
				GENERATE_INFOPLIST_FILE = YES;
				INFOPLIST_FILE = NapyWeather/Info.plist;
				INFOPLIST_KEY_LSApplicationCategoryType = "public.app-category.weather";
				INFOPLIST_KEY_NSLocationWhenInUseUsageDescription = "Необходим доступ к геоданным для автоматического предоставления данных о погоде в вашем регионе";
				INFOPLIST_KEY_UIApplicationSupportsIndirectInputEvents = YES;
				INFOPLIST_KEY_UILaunchStoryboardName = LaunchScreen;
				INFOPLIST_KEY_UIMainStoryboardFile = Main;
				INFOPLIST_KEY_UISupportedInterfaceOrientations = UIInterfaceOrientationPortrait;
				INFOPLIST_KEY_UISupportedInterfaceOrientations_iPad = "UIInterfaceOrientationLandscapeLeft UIInterfaceOrientationLandscapeRight UIInterfaceOrientationPortrait UIInterfaceOrientationPortraitUpsideDown";
				LD_RUNPATH_SEARCH_PATHS = (
					"$(inherited)",
					"@executable_path/Frameworks",
				);
				MARKETING_VERSION = 1.0;
				PRODUCT_BUNDLE_IDENTIFIER = ru.NapyWeather;
				PRODUCT_NAME = "$(TARGET_NAME)";
				SWIFT_EMIT_LOC_STRINGS = YES;
				SWIFT_VERSION = 5.0;
				TARGETED_DEVICE_FAMILY = "1,2";
			};
			name = Release;
		};
/* End XCBuildConfiguration section */

/* Begin XCConfigurationList section */
		4965B8D72B73E2500008EB2C /* Build configuration list for PBXProject "NapyWeather" */ = {
			isa = XCConfigurationList;
			buildConfigurations = (
				4965B8EE2B73E2510008EB2C /* Debug */,
				4965B8EF2B73E2510008EB2C /* Release */,
			);
			defaultConfigurationIsVisible = 0;
			defaultConfigurationName = Release;
		};
		4965B8F02B73E2510008EB2C /* Build configuration list for PBXNativeTarget "NapyWeather" */ = {
			isa = XCConfigurationList;
			buildConfigurations = (
				4965B8F12B73E2510008EB2C /* Debug */,
				4965B8F22B73E2510008EB2C /* Release */,
			);
			defaultConfigurationIsVisible = 0;
			defaultConfigurationName = Release;
		};
/* End XCConfigurationList section */
	};
	rootObject = 4965B8D42B73E2500008EB2C /* Project object */;
}
