// !$*UTF8*$!
{
	archiveVersion = 1;
	classes = {
	};
	objectVersion = 56;
	objects = {

/* Begin PBXBuildFile section */
		495681612B7523FE00EC62DB /* DataManager.swift in Sources */ = {isa = PBXBuildFile; fileRef = 495681602B7523FE00EC62DB /* DataManager.swift */; };
		495681632B75244900EC62DB /* WeatherRightNowJSON.swift in Sources */ = {isa = PBXBuildFile; fileRef = 495681622B75244900EC62DB /* WeatherRightNowJSON.swift */; };
		4956816B2B752FF500EC62DB /* APIKey.swift in Sources */ = {isa = PBXBuildFile; fileRef = 4956816A2B752FF500EC62DB /* APIKey.swift */; };
		4956816E2B7530E600EC62DB /* ShareWeatherDataProtocol.swift in Sources */ = {isa = PBXBuildFile; fileRef = 4956816D2B7530E600EC62DB /* ShareWeatherDataProtocol.swift */; };
		495681702B75379900EC62DB /* TableViewController.swift in Sources */ = {isa = PBXBuildFile; fileRef = 4956816F2B75379900EC62DB /* TableViewController.swift */; };
		49612AFA2B9891440048EABE /* Extention + MainVC(Location).swift in Sources */ = {isa = PBXBuildFile; fileRef = 49612AF92B9891440048EABE /* Extention + MainVC(Location).swift */; };
		4962C7052B865FD90053E170 /* Assets.xcassets in Resources */ = {isa = PBXBuildFile; fileRef = 4962C7072B865FD90053E170 /* Assets.xcassets */; };
		496330962B7B544800222577 /* SearchTableViewCell.swift in Sources */ = {isa = PBXBuildFile; fileRef = 496330952B7B544800222577 /* SearchTableViewCell.swift */; };
		49637E5C2B7CF84100AB68DE /* ShareWeatherDataListProtocol.swift in Sources */ = {isa = PBXBuildFile; fileRef = 49637E5B2B7CF84100AB68DE /* ShareWeatherDataListProtocol.swift */; };
		49637E5E2B7CFBDA00AB68DE /* Extention + StringProtocol.swift in Sources */ = {isa = PBXBuildFile; fileRef = 49637E5D2B7CFBDA00AB68DE /* Extention + StringProtocol.swift */; };
		49637E602B7CFD4D00AB68DE /* Extention + MainVC(Source and delegate).swift in Sources */ = {isa = PBXBuildFile; fileRef = 49637E5F2B7CFD4D00AB68DE /* Extention + MainVC(Source and delegate).swift */; };
		496478F22BA04F6100521EBF /* SettingsTableViewController.swift in Sources */ = {isa = PBXBuildFile; fileRef = 496478F12BA04F6100521EBF /* SettingsTableViewController.swift */; };
		496478F42BA0BFA300521EBF /* Settings.swift in Sources */ = {isa = PBXBuildFile; fileRef = 496478F32BA0BFA300521EBF /* Settings.swift */; };
		4965B8E02B73E2500008EB2C /* AppDelegate.swift in Sources */ = {isa = PBXBuildFile; fileRef = 4965B8DF2B73E2500008EB2C /* AppDelegate.swift */; };
		4965B8E22B73E2500008EB2C /* SceneDelegate.swift in Sources */ = {isa = PBXBuildFile; fileRef = 4965B8E12B73E2500008EB2C /* SceneDelegate.swift */; };
		4965B8E42B73E2500008EB2C /* MainViewController.swift in Sources */ = {isa = PBXBuildFile; fileRef = 4965B8E32B73E2500008EB2C /* MainViewController.swift */; };
		4965B8E72B73E2500008EB2C /* Main.storyboard in Resources */ = {isa = PBXBuildFile; fileRef = 4965B8E52B73E2500008EB2C /* Main.storyboard */; };
		4965B8EC2B73E2510008EB2C /* LaunchScreen.storyboard in Resources */ = {isa = PBXBuildFile; fileRef = 4965B8EA2B73E2510008EB2C /* LaunchScreen.storyboard */; };
		496713982BA2F0530043EA9A /* LoginViewController.swift in Sources */ = {isa = PBXBuildFile; fileRef = 496713972BA2F0530043EA9A /* LoginViewController.swift */; };
		4967139A2BA2FC9C0043EA9A /* FirebaseAnalytics in Frameworks */ = {isa = PBXBuildFile; productRef = 496713992BA2FC9C0043EA9A /* FirebaseAnalytics */; };
		4967139C2BA2FC9C0043EA9A /* FirebaseAnalyticsOnDeviceConversion in Frameworks */ = {isa = PBXBuildFile; productRef = 4967139B2BA2FC9C0043EA9A /* FirebaseAnalyticsOnDeviceConversion */; };
		4967139E2BA2FC9C0043EA9A /* FirebaseAnalyticsSwift in Frameworks */ = {isa = PBXBuildFile; productRef = 4967139D2BA2FC9C0043EA9A /* FirebaseAnalyticsSwift */; };
		496713A02BA2FC9C0043EA9A /* FirebaseAnalyticsWithoutAdIdSupport in Frameworks */ = {isa = PBXBuildFile; productRef = 4967139F2BA2FC9C0043EA9A /* FirebaseAnalyticsWithoutAdIdSupport */; };
		496713A22BA2FC9C0043EA9A /* FirebaseAppCheck in Frameworks */ = {isa = PBXBuildFile; productRef = 496713A12BA2FC9C0043EA9A /* FirebaseAppCheck */; };
		496713A42BA2FC9C0043EA9A /* FirebaseAppDistribution-Beta in Frameworks */ = {isa = PBXBuildFile; productRef = 496713A32BA2FC9C0043EA9A /* FirebaseAppDistribution-Beta */; };
		496713A62BA2FC9C0043EA9A /* FirebaseAuth in Frameworks */ = {isa = PBXBuildFile; productRef = 496713A52BA2FC9C0043EA9A /* FirebaseAuth */; };
		496713A82BA2FC9C0043EA9A /* FirebaseAuthCombine-Community in Frameworks */ = {isa = PBXBuildFile; productRef = 496713A72BA2FC9C0043EA9A /* FirebaseAuthCombine-Community */; };
		496713AA2BA2FC9C0043EA9A /* FirebaseCrashlytics in Frameworks */ = {isa = PBXBuildFile; productRef = 496713A92BA2FC9C0043EA9A /* FirebaseCrashlytics */; };
		496713AC2BA2FC9C0043EA9A /* FirebaseDatabase in Frameworks */ = {isa = PBXBuildFile; productRef = 496713AB2BA2FC9C0043EA9A /* FirebaseDatabase */; };
		496713AE2BA2FC9C0043EA9A /* FirebaseDatabaseSwift in Frameworks */ = {isa = PBXBuildFile; productRef = 496713AD2BA2FC9C0043EA9A /* FirebaseDatabaseSwift */; };
		496713B02BA2FC9C0043EA9A /* FirebaseDynamicLinks in Frameworks */ = {isa = PBXBuildFile; productRef = 496713AF2BA2FC9C0043EA9A /* FirebaseDynamicLinks */; };
		496713B22BA2FC9C0043EA9A /* FirebaseFirestore in Frameworks */ = {isa = PBXBuildFile; productRef = 496713B12BA2FC9C0043EA9A /* FirebaseFirestore */; };
		496713B42BA2FC9C0043EA9A /* FirebaseFirestoreCombine-Community in Frameworks */ = {isa = PBXBuildFile; productRef = 496713B32BA2FC9C0043EA9A /* FirebaseFirestoreCombine-Community */; };
		496713B62BA2FC9C0043EA9A /* FirebaseFirestoreSwift in Frameworks */ = {isa = PBXBuildFile; productRef = 496713B52BA2FC9C0043EA9A /* FirebaseFirestoreSwift */; };
		496713B82BA2FC9C0043EA9A /* FirebaseFunctions in Frameworks */ = {isa = PBXBuildFile; productRef = 496713B72BA2FC9C0043EA9A /* FirebaseFunctions */; };
		496713BA2BA2FC9C0043EA9A /* FirebaseFunctionsCombine-Community in Frameworks */ = {isa = PBXBuildFile; productRef = 496713B92BA2FC9C0043EA9A /* FirebaseFunctionsCombine-Community */; };
		496713BC2BA2FC9C0043EA9A /* FirebaseInAppMessaging-Beta in Frameworks */ = {isa = PBXBuildFile; productRef = 496713BB2BA2FC9C0043EA9A /* FirebaseInAppMessaging-Beta */; };
		496713BE2BA2FC9C0043EA9A /* FirebaseInAppMessagingSwift-Beta in Frameworks */ = {isa = PBXBuildFile; productRef = 496713BD2BA2FC9C0043EA9A /* FirebaseInAppMessagingSwift-Beta */; };
		496713C02BA2FC9C0043EA9A /* FirebaseInstallations in Frameworks */ = {isa = PBXBuildFile; productRef = 496713BF2BA2FC9C0043EA9A /* FirebaseInstallations */; };
		496713C22BA2FC9C0043EA9A /* FirebaseMLModelDownloader in Frameworks */ = {isa = PBXBuildFile; productRef = 496713C12BA2FC9C0043EA9A /* FirebaseMLModelDownloader */; };
		496713C42BA2FC9C0043EA9A /* FirebaseMessaging in Frameworks */ = {isa = PBXBuildFile; productRef = 496713C32BA2FC9C0043EA9A /* FirebaseMessaging */; };
		496713C62BA2FC9C0043EA9A /* FirebasePerformance in Frameworks */ = {isa = PBXBuildFile; productRef = 496713C52BA2FC9C0043EA9A /* FirebasePerformance */; };
		496713C82BA2FC9C0043EA9A /* FirebaseRemoteConfig in Frameworks */ = {isa = PBXBuildFile; productRef = 496713C72BA2FC9C0043EA9A /* FirebaseRemoteConfig */; };
		496713CA2BA2FC9C0043EA9A /* FirebaseRemoteConfigSwift in Frameworks */ = {isa = PBXBuildFile; productRef = 496713C92BA2FC9C0043EA9A /* FirebaseRemoteConfigSwift */; };
		496713CC2BA2FC9C0043EA9A /* FirebaseStorage in Frameworks */ = {isa = PBXBuildFile; productRef = 496713CB2BA2FC9C0043EA9A /* FirebaseStorage */; };
		496713CE2BA2FC9C0043EA9A /* FirebaseStorageCombine-Community in Frameworks */ = {isa = PBXBuildFile; productRef = 496713CD2BA2FC9C0043EA9A /* FirebaseStorageCombine-Community */; };
		496713D02BA31A450043EA9A /* AlertController.swift in Sources */ = {isa = PBXBuildFile; fileRef = 496713CF2BA31A450043EA9A /* AlertController.swift */; };
		496713D42BA350F20043EA9A /* GoogleService-Info.plist in Resources */ = {isa = PBXBuildFile; fileRef = 496713D32BA350F20043EA9A /* GoogleService-Info.plist */; };
		496F53562B7699AC008DD1D3 /* Extention + MainVC(ShereDataProtocol).swift in Sources */ = {isa = PBXBuildFile; fileRef = 496F53552B7699AC008DD1D3 /* Extention + MainVC(ShereDataProtocol).swift */; };
		49C28FCB2B7A739C00DA648F /* CityNameWithDate.swift in Sources */ = {isa = PBXBuildFile; fileRef = 49C28FCA2B7A739C00DA648F /* CityNameWithDate.swift */; };
		49F4C07F2BA22BBE0012BD47 /* FirebaseAnalytics in Frameworks */ = {isa = PBXBuildFile; productRef = 49F4C07E2BA22BBE0012BD47 /* FirebaseAnalytics */; };
		49F4C0812BA22BBE0012BD47 /* FirebaseAnalyticsOnDeviceConversion in Frameworks */ = {isa = PBXBuildFile; productRef = 49F4C0802BA22BBE0012BD47 /* FirebaseAnalyticsOnDeviceConversion */; };
		49F4C0832BA22BBE0012BD47 /* FirebaseAnalyticsSwift in Frameworks */ = {isa = PBXBuildFile; productRef = 49F4C0822BA22BBE0012BD47 /* FirebaseAnalyticsSwift */; };
		49F4C0852BA22BBE0012BD47 /* FirebaseAnalyticsWithoutAdIdSupport in Frameworks */ = {isa = PBXBuildFile; productRef = 49F4C0842BA22BBE0012BD47 /* FirebaseAnalyticsWithoutAdIdSupport */; };
		49F4C0872BA22BBE0012BD47 /* FirebaseAppCheck in Frameworks */ = {isa = PBXBuildFile; productRef = 49F4C0862BA22BBE0012BD47 /* FirebaseAppCheck */; };
/* End PBXBuildFile section */

/* Begin PBXFileReference section */
		495681602B7523FE00EC62DB /* DataManager.swift */ = {isa = PBXFileReference; lastKnownFileType = sourcecode.swift; path = DataManager.swift; sourceTree = "<group>"; };
		495681622B75244900EC62DB /* WeatherRightNowJSON.swift */ = {isa = PBXFileReference; lastKnownFileType = sourcecode.swift; path = WeatherRightNowJSON.swift; sourceTree = "<group>"; };
		4956816A2B752FF500EC62DB /* APIKey.swift */ = {isa = PBXFileReference; lastKnownFileType = sourcecode.swift; path = APIKey.swift; sourceTree = "<group>"; };
		4956816D2B7530E600EC62DB /* ShareWeatherDataProtocol.swift */ = {isa = PBXFileReference; lastKnownFileType = sourcecode.swift; path = ShareWeatherDataProtocol.swift; sourceTree = "<group>"; };
		4956816F2B75379900EC62DB /* TableViewController.swift */ = {isa = PBXFileReference; lastKnownFileType = sourcecode.swift; path = TableViewController.swift; sourceTree = "<group>"; };
		49612AF92B9891440048EABE /* Extention + MainVC(Location).swift */ = {isa = PBXFileReference; lastKnownFileType = sourcecode.swift; path = "Extention + MainVC(Location).swift"; sourceTree = "<group>"; };
		4962C7062B865FD90053E170 /* Base */ = {isa = PBXFileReference; lastKnownFileType = folder.assetcatalog; name = Base; path = Base.lproj/Assets.xcassets; sourceTree = "<group>"; };
		496330952B7B544800222577 /* SearchTableViewCell.swift */ = {isa = PBXFileReference; lastKnownFileType = sourcecode.swift; path = SearchTableViewCell.swift; sourceTree = "<group>"; };
		49637E5B2B7CF84100AB68DE /* ShareWeatherDataListProtocol.swift */ = {isa = PBXFileReference; lastKnownFileType = sourcecode.swift; path = ShareWeatherDataListProtocol.swift; sourceTree = "<group>"; };
		49637E5D2B7CFBDA00AB68DE /* Extention + StringProtocol.swift */ = {isa = PBXFileReference; lastKnownFileType = sourcecode.swift; path = "Extention + StringProtocol.swift"; sourceTree = "<group>"; };
		49637E5F2B7CFD4D00AB68DE /* Extention + MainVC(Source and delegate).swift */ = {isa = PBXFileReference; lastKnownFileType = sourcecode.swift; path = "Extention + MainVC(Source and delegate).swift"; sourceTree = "<group>"; };
		496478F12BA04F6100521EBF /* SettingsTableViewController.swift */ = {isa = PBXFileReference; lastKnownFileType = sourcecode.swift; path = SettingsTableViewController.swift; sourceTree = "<group>"; };
		496478F32BA0BFA300521EBF /* Settings.swift */ = {isa = PBXFileReference; lastKnownFileType = sourcecode.swift; path = Settings.swift; sourceTree = "<group>"; };
		4965B8DC2B73E2500008EB2C /* NapyWeather.app */ = {isa = PBXFileReference; explicitFileType = wrapper.application; includeInIndex = 0; path = NapyWeather.app; sourceTree = BUILT_PRODUCTS_DIR; };
		4965B8DF2B73E2500008EB2C /* AppDelegate.swift */ = {isa = PBXFileReference; lastKnownFileType = sourcecode.swift; path = AppDelegate.swift; sourceTree = "<group>"; };
		4965B8E12B73E2500008EB2C /* SceneDelegate.swift */ = {isa = PBXFileReference; lastKnownFileType = sourcecode.swift; path = SceneDelegate.swift; sourceTree = "<group>"; };
		4965B8E32B73E2500008EB2C /* MainViewController.swift */ = {isa = PBXFileReference; lastKnownFileType = sourcecode.swift; path = MainViewController.swift; sourceTree = "<group>"; };
		4965B8E62B73E2500008EB2C /* Base */ = {isa = PBXFileReference; lastKnownFileType = file.storyboard; name = Base; path = Base.lproj/Main.storyboard; sourceTree = "<group>"; };
		4965B8EB2B73E2510008EB2C /* Base */ = {isa = PBXFileReference; lastKnownFileType = file.storyboard; name = Base; path = Base.lproj/LaunchScreen.storyboard; sourceTree = "<group>"; };
		4965B8ED2B73E2510008EB2C /* Info.plist */ = {isa = PBXFileReference; lastKnownFileType = text.plist.xml; path = Info.plist; sourceTree = "<group>"; };
		496713972BA2F0530043EA9A /* LoginViewController.swift */ = {isa = PBXFileReference; lastKnownFileType = sourcecode.swift; path = LoginViewController.swift; sourceTree = "<group>"; };
		496713CF2BA31A450043EA9A /* AlertController.swift */ = {isa = PBXFileReference; lastKnownFileType = sourcecode.swift; path = AlertController.swift; sourceTree = "<group>"; };
		496713D32BA350F20043EA9A /* GoogleService-Info.plist */ = {isa = PBXFileReference; fileEncoding = 4; lastKnownFileType = text.plist.xml; path = "GoogleService-Info.plist"; sourceTree = "<group>"; };
		496F53552B7699AC008DD1D3 /* Extention + MainVC(ShereDataProtocol).swift */ = {isa = PBXFileReference; lastKnownFileType = sourcecode.swift; path = "Extention + MainVC(ShereDataProtocol).swift"; sourceTree = "<group>"; };
		49C28FCA2B7A739C00DA648F /* CityNameWithDate.swift */ = {isa = PBXFileReference; lastKnownFileType = sourcecode.swift; path = CityNameWithDate.swift; sourceTree = "<group>"; };
/* End PBXFileReference section */

/* Begin PBXFrameworksBuildPhase section */
		4965B8D92B73E2500008EB2C /* Frameworks */ = {
			isa = PBXFrameworksBuildPhase;
			buildActionMask = 2147483647;
			files = (
				496713C42BA2FC9C0043EA9A /* FirebaseMessaging in Frameworks */,
				496713B42BA2FC9C0043EA9A /* FirebaseFirestoreCombine-Community in Frameworks */,
				496713AC2BA2FC9C0043EA9A /* FirebaseDatabase in Frameworks */,
				49F4C0832BA22BBE0012BD47 /* FirebaseAnalyticsSwift in Frameworks */,
				496713CC2BA2FC9C0043EA9A /* FirebaseStorage in Frameworks */,
				49F4C07F2BA22BBE0012BD47 /* FirebaseAnalytics in Frameworks */,
				4967139A2BA2FC9C0043EA9A /* FirebaseAnalytics in Frameworks */,
				496713AA2BA2FC9C0043EA9A /* FirebaseCrashlytics in Frameworks */,
				496713B22BA2FC9C0043EA9A /* FirebaseFirestore in Frameworks */,
				496713B02BA2FC9C0043EA9A /* FirebaseDynamicLinks in Frameworks */,
				496713CE2BA2FC9C0043EA9A /* FirebaseStorageCombine-Community in Frameworks */,
				4967139C2BA2FC9C0043EA9A /* FirebaseAnalyticsOnDeviceConversion in Frameworks */,
				496713BA2BA2FC9C0043EA9A /* FirebaseFunctionsCombine-Community in Frameworks */,
				496713BE2BA2FC9C0043EA9A /* FirebaseInAppMessagingSwift-Beta in Frameworks */,
				496713C22BA2FC9C0043EA9A /* FirebaseMLModelDownloader in Frameworks */,
				496713BC2BA2FC9C0043EA9A /* FirebaseInAppMessaging-Beta in Frameworks */,
				496713C62BA2FC9C0043EA9A /* FirebasePerformance in Frameworks */,
				496713A82BA2FC9C0043EA9A /* FirebaseAuthCombine-Community in Frameworks */,
				4967139E2BA2FC9C0043EA9A /* FirebaseAnalyticsSwift in Frameworks */,
				496713AE2BA2FC9C0043EA9A /* FirebaseDatabaseSwift in Frameworks */,
				49F4C0812BA22BBE0012BD47 /* FirebaseAnalyticsOnDeviceConversion in Frameworks */,
				496713C82BA2FC9C0043EA9A /* FirebaseRemoteConfig in Frameworks */,
				49F4C0872BA22BBE0012BD47 /* FirebaseAppCheck in Frameworks */,
				496713A62BA2FC9C0043EA9A /* FirebaseAuth in Frameworks */,
				496713B82BA2FC9C0043EA9A /* FirebaseFunctions in Frameworks */,
				496713C02BA2FC9C0043EA9A /* FirebaseInstallations in Frameworks */,
				496713B62BA2FC9C0043EA9A /* FirebaseFirestoreSwift in Frameworks */,
				496713A02BA2FC9C0043EA9A /* FirebaseAnalyticsWithoutAdIdSupport in Frameworks */,
				496713A22BA2FC9C0043EA9A /* FirebaseAppCheck in Frameworks */,
				496713CA2BA2FC9C0043EA9A /* FirebaseRemoteConfigSwift in Frameworks */,
				496713A42BA2FC9C0043EA9A /* FirebaseAppDistribution-Beta in Frameworks */,
				49F4C0852BA22BBE0012BD47 /* FirebaseAnalyticsWithoutAdIdSupport in Frameworks */,
			);
			runOnlyForDeploymentPostprocessing = 0;
		};
/* End PBXFrameworksBuildPhase section */

/* Begin PBXGroup section */
		495681692B752FDE00EC62DB /* Key */ = {
			isa = PBXGroup;
			children = (
				4956816A2B752FF500EC62DB /* APIKey.swift */,
			);
			name = Key;
			path = Helpers/Key;
			sourceTree = "<group>";
		};
		4956816C2B7530C000EC62DB /* Protocols */ = {
			isa = PBXGroup;
			children = (
				4956816D2B7530E600EC62DB /* ShareWeatherDataProtocol.swift */,
				49637E5B2B7CF84100AB68DE /* ShareWeatherDataListProtocol.swift */,
				49637E5D2B7CFBDA00AB68DE /* Extention + StringProtocol.swift */,
			);
			path = Protocols;
			sourceTree = "<group>";
		};
		4965B8D32B73E2500008EB2C = {
			isa = PBXGroup;
			children = (
				4965B8DE2B73E2500008EB2C /* NapyWeather */,
				4965B8DD2B73E2500008EB2C /* Products */,
			);
			sourceTree = "<group>";
		};
		4965B8DD2B73E2500008EB2C /* Products */ = {
			isa = PBXGroup;
			children = (
				4965B8DC2B73E2500008EB2C /* NapyWeather.app */,
			);
			name = Products;
			sourceTree = "<group>";
		};
		4965B8DE2B73E2500008EB2C /* NapyWeather */ = {
			isa = PBXGroup;
			children = (
				4965B8F52B73E2890008EB2C /* App */,
				4956816C2B7530C000EC62DB /* Protocols */,
				4965B8F72B73E29C0008EB2C /* Models */,
				4965B8F42B73E2790008EB2C /* ViewControllers */,
				4965B8F32B73E2690008EB2C /* Storyboards */,
				4965B8F62B73E2940008EB2C /* Helpers */,
				495681692B752FDE00EC62DB /* Key */,
				4965B8ED2B73E2510008EB2C /* Info.plist */,
				496713D32BA350F20043EA9A /* GoogleService-Info.plist */,
			);
			path = NapyWeather;
			sourceTree = "<group>";
		};
		4965B8F32B73E2690008EB2C /* Storyboards */ = {
			isa = PBXGroup;
			children = (
				4965B8E52B73E2500008EB2C /* Main.storyboard */,
				4965B8EA2B73E2510008EB2C /* LaunchScreen.storyboard */,
			);
			path = Storyboards;
			sourceTree = "<group>";
		};
		4965B8F42B73E2790008EB2C /* ViewControllers */ = {
			isa = PBXGroup;
			children = (
				4965B8E32B73E2500008EB2C /* MainViewController.swift */,
				496F53552B7699AC008DD1D3 /* Extention + MainVC(ShereDataProtocol).swift */,
				49637E5F2B7CFD4D00AB68DE /* Extention + MainVC(Source and delegate).swift */,
				49612AF92B9891440048EABE /* Extention + MainVC(Location).swift */,
				4956816F2B75379900EC62DB /* TableViewController.swift */,
				496478F12BA04F6100521EBF /* SettingsTableViewController.swift */,
				496713972BA2F0530043EA9A /* LoginViewController.swift */,
			);
			path = ViewControllers;
			sourceTree = "<group>";
		};
		4965B8F52B73E2890008EB2C /* App */ = {
			isa = PBXGroup;
			children = (
				4965B8DF2B73E2500008EB2C /* AppDelegate.swift */,
				4965B8E12B73E2500008EB2C /* SceneDelegate.swift */,
				4962C7072B865FD90053E170 /* Assets.xcassets */,
			);
			path = App;
			sourceTree = "<group>";
		};
		4965B8F62B73E2940008EB2C /* Helpers */ = {
			isa = PBXGroup;
			children = (
				495681602B7523FE00EC62DB /* DataManager.swift */,
				496330952B7B544800222577 /* SearchTableViewCell.swift */,
				496713CF2BA31A450043EA9A /* AlertController.swift */,
			);
			path = Helpers;
			sourceTree = "<group>";
		};
		4965B8F72B73E29C0008EB2C /* Models */ = {
			isa = PBXGroup;
			children = (
				495681622B75244900EC62DB /* WeatherRightNowJSON.swift */,
				49C28FCA2B7A739C00DA648F /* CityNameWithDate.swift */,
				496478F32BA0BFA300521EBF /* Settings.swift */,
			);
			path = Models;
			sourceTree = "<group>";
		};
/* End PBXGroup section */

/* Begin PBXNativeTarget section */
		4965B8DB2B73E2500008EB2C /* NapyWeather */ = {
			isa = PBXNativeTarget;
			buildConfigurationList = 4965B8F02B73E2510008EB2C /* Build configuration list for PBXNativeTarget "NapyWeather" */;
			buildPhases = (
				4965B8D82B73E2500008EB2C /* Sources */,
				4965B8D92B73E2500008EB2C /* Frameworks */,
				4965B8DA2B73E2500008EB2C /* Resources */,
			);
			buildRules = (
			);
			dependencies = (
			);
			name = NapyWeather;
			packageProductDependencies = (
				49F4C07E2BA22BBE0012BD47 /* FirebaseAnalytics */,
				49F4C0802BA22BBE0012BD47 /* FirebaseAnalyticsOnDeviceConversion */,
				49F4C0822BA22BBE0012BD47 /* FirebaseAnalyticsSwift */,
				49F4C0842BA22BBE0012BD47 /* FirebaseAnalyticsWithoutAdIdSupport */,
				49F4C0862BA22BBE0012BD47 /* FirebaseAppCheck */,
				496713992BA2FC9C0043EA9A /* FirebaseAnalytics */,
				4967139B2BA2FC9C0043EA9A /* FirebaseAnalyticsOnDeviceConversion */,
				4967139D2BA2FC9C0043EA9A /* FirebaseAnalyticsSwift */,
				4967139F2BA2FC9C0043EA9A /* FirebaseAnalyticsWithoutAdIdSupport */,
				496713A12BA2FC9C0043EA9A /* FirebaseAppCheck */,
				496713A32BA2FC9C0043EA9A /* FirebaseAppDistribution-Beta */,
				496713A52BA2FC9C0043EA9A /* FirebaseAuth */,
				496713A72BA2FC9C0043EA9A /* FirebaseAuthCombine-Community */,
				496713A92BA2FC9C0043EA9A /* FirebaseCrashlytics */,
				496713AB2BA2FC9C0043EA9A /* FirebaseDatabase */,
				496713AD2BA2FC9C0043EA9A /* FirebaseDatabaseSwift */,
				496713AF2BA2FC9C0043EA9A /* FirebaseDynamicLinks */,
				496713B12BA2FC9C0043EA9A /* FirebaseFirestore */,
				496713B32BA2FC9C0043EA9A /* FirebaseFirestoreCombine-Community */,
				496713B52BA2FC9C0043EA9A /* FirebaseFirestoreSwift */,
				496713B72BA2FC9C0043EA9A /* FirebaseFunctions */,
				496713B92BA2FC9C0043EA9A /* FirebaseFunctionsCombine-Community */,
				496713BB2BA2FC9C0043EA9A /* FirebaseInAppMessaging-Beta */,
				496713BD2BA2FC9C0043EA9A /* FirebaseInAppMessagingSwift-Beta */,
				496713BF2BA2FC9C0043EA9A /* FirebaseInstallations */,
				496713C12BA2FC9C0043EA9A /* FirebaseMLModelDownloader */,
				496713C32BA2FC9C0043EA9A /* FirebaseMessaging */,
				496713C52BA2FC9C0043EA9A /* FirebasePerformance */,
				496713C72BA2FC9C0043EA9A /* FirebaseRemoteConfig */,
				496713C92BA2FC9C0043EA9A /* FirebaseRemoteConfigSwift */,
				496713CB2BA2FC9C0043EA9A /* FirebaseStorage */,
				496713CD2BA2FC9C0043EA9A /* FirebaseStorageCombine-Community */,
			);
			productName = NapyWeather;
			productReference = 4965B8DC2B73E2500008EB2C /* NapyWeather.app */;
			productType = "com.apple.product-type.application";
		};
/* End PBXNativeTarget section */

/* Begin PBXProject section */
		4965B8D42B73E2500008EB2C /* Project object */ = {
			isa = PBXProject;
			attributes = {
				BuildIndependentTargetsInParallel = 1;
				LastSwiftUpdateCheck = 1500;
				LastUpgradeCheck = 1500;
				TargetAttributes = {
					4965B8DB2B73E2500008EB2C = {
						CreatedOnToolsVersion = 15.0.1;
					};
				};
			};
			buildConfigurationList = 4965B8D72B73E2500008EB2C /* Build configuration list for PBXProject "NapyWeather" */;
			compatibilityVersion = "Xcode 14.0";
			developmentRegion = en;
			hasScannedForEncodings = 0;
			knownRegions = (
				en,
				Base,
			);
			mainGroup = 4965B8D32B73E2500008EB2C;
			packageReferences = (
				49F4C07D2BA22BBE0012BD47 /* XCRemoteSwiftPackageReference "firebase-ios-sdk" */,
			);
			productRefGroup = 4965B8DD2B73E2500008EB2C /* Products */;
			projectDirPath = "";
			projectRoot = "";
			targets = (
				4965B8DB2B73E2500008EB2C /* NapyWeather */,
			);
		};
/* End PBXProject section */

/* Begin PBXResourcesBuildPhase section */
		4965B8DA2B73E2500008EB2C /* Resources */ = {
			isa = PBXResourcesBuildPhase;
			buildActionMask = 2147483647;
			files = (
				4965B8EC2B73E2510008EB2C /* LaunchScreen.storyboard in Resources */,
				4962C7052B865FD90053E170 /* Assets.xcassets in Resources */,
				4965B8E72B73E2500008EB2C /* Main.storyboard in Resources */,
				496713D42BA350F20043EA9A /* GoogleService-Info.plist in Resources */,
			);
			runOnlyForDeploymentPostprocessing = 0;
		};
/* End PBXResourcesBuildPhase section */

/* Begin PBXSourcesBuildPhase section */
		4965B8D82B73E2500008EB2C /* Sources */ = {
			isa = PBXSourcesBuildPhase;
			buildActionMask = 2147483647;
			files = (
				49637E5C2B7CF84100AB68DE /* ShareWeatherDataListProtocol.swift in Sources */,
				4965B8E42B73E2500008EB2C /* MainViewController.swift in Sources */,
				495681612B7523FE00EC62DB /* DataManager.swift in Sources */,
				496713982BA2F0530043EA9A /* LoginViewController.swift in Sources */,
				4965B8E02B73E2500008EB2C /* AppDelegate.swift in Sources */,
				495681702B75379900EC62DB /* TableViewController.swift in Sources */,
				496478F42BA0BFA300521EBF /* Settings.swift in Sources */,
				496478F22BA04F6100521EBF /* SettingsTableViewController.swift in Sources */,
				49612AFA2B9891440048EABE /* Extention + MainVC(Location).swift in Sources */,
				49637E5E2B7CFBDA00AB68DE /* Extention + StringProtocol.swift in Sources */,
				496330962B7B544800222577 /* SearchTableViewCell.swift in Sources */,
				4965B8E22B73E2500008EB2C /* SceneDelegate.swift in Sources */,
				496F53562B7699AC008DD1D3 /* Extention + MainVC(ShereDataProtocol).swift in Sources */,
				4956816B2B752FF500EC62DB /* APIKey.swift in Sources */,
				495681632B75244900EC62DB /* WeatherRightNowJSON.swift in Sources */,
				496713D02BA31A450043EA9A /* AlertController.swift in Sources */,
				4956816E2B7530E600EC62DB /* ShareWeatherDataProtocol.swift in Sources */,
				49C28FCB2B7A739C00DA648F /* CityNameWithDate.swift in Sources */,
				49637E602B7CFD4D00AB68DE /* Extention + MainVC(Source and delegate).swift in Sources */,
			);
			runOnlyForDeploymentPostprocessing = 0;
		};
/* End PBXSourcesBuildPhase section */

/* Begin PBXVariantGroup section */
		4962C7072B865FD90053E170 /* Assets.xcassets */ = {
			isa = PBXVariantGroup;
			children = (
				4962C7062B865FD90053E170 /* Base */,
			);
			name = Assets.xcassets;
			path = /Users/mir/Documents/SwiftSources/NapyWeather/NapyWeather/App;
			sourceTree = "<absolute>";
		};
		4965B8E52B73E2500008EB2C /* Main.storyboard */ = {
			isa = PBXVariantGroup;
			children = (
				4965B8E62B73E2500008EB2C /* Base */,
			);
			name = Main.storyboard;
			sourceTree = "<group>";
		};
		4965B8EA2B73E2510008EB2C /* LaunchScreen.storyboard */ = {
			isa = PBXVariantGroup;
			children = (
				4965B8EB2B73E2510008EB2C /* Base */,
			);
			name = LaunchScreen.storyboard;
			sourceTree = "<group>";
		};
/* End PBXVariantGroup section */

/* Begin XCBuildConfiguration section */
		4965B8EE2B73E2510008EB2C /* Debug */ = {
			isa = XCBuildConfiguration;
			buildSettings = {
				ALWAYS_SEARCH_USER_PATHS = NO;
				ASSETCATALOG_COMPILER_GENERATE_SWIFT_ASSET_SYMBOL_EXTENSIONS = YES;
				CLANG_ANALYZER_NONNULL = YES;
				CLANG_ANALYZER_NUMBER_OBJECT_CONVERSION = YES_AGGRESSIVE;
				CLANG_CXX_LANGUAGE_STANDARD = "gnu++20";
				CLANG_ENABLE_MODULES = YES;
				CLANG_ENABLE_OBJC_ARC = YES;
				CLANG_ENABLE_OBJC_WEAK = YES;
				CLANG_WARN_BLOCK_CAPTURE_AUTORELEASING = YES;
				CLANG_WARN_BOOL_CONVERSION = YES;
				CLANG_WARN_COMMA = YES;
				CLANG_WARN_CONSTANT_CONVERSION = YES;
				CLANG_WARN_DEPRECATED_OBJC_IMPLEMENTATIONS = YES;
				CLANG_WARN_DIRECT_OBJC_ISA_USAGE = YES_ERROR;
				CLANG_WARN_DOCUMENTATION_COMMENTS = YES;
				CLANG_WARN_EMPTY_BODY = YES;
				CLANG_WARN_ENUM_CONVERSION = YES;
				CLANG_WARN_INFINITE_RECURSION = YES;
				CLANG_WARN_INT_CONVERSION = YES;
				CLANG_WARN_NON_LITERAL_NULL_CONVERSION = YES;
				CLANG_WARN_OBJC_IMPLICIT_RETAIN_SELF = YES;
				CLANG_WARN_OBJC_LITERAL_CONVERSION = YES;
				CLANG_WARN_OBJC_ROOT_CLASS = YES_ERROR;
				CLANG_WARN_QUOTED_INCLUDE_IN_FRAMEWORK_HEADER = YES;
				CLANG_WARN_RANGE_LOOP_ANALYSIS = YES;
				CLANG_WARN_STRICT_PROTOTYPES = YES;
				CLANG_WARN_SUSPICIOUS_MOVE = YES;
				CLANG_WARN_UNGUARDED_AVAILABILITY = YES_AGGRESSIVE;
				CLANG_WARN_UNREACHABLE_CODE = YES;
				CLANG_WARN__DUPLICATE_METHOD_MATCH = YES;
				COPY_PHASE_STRIP = NO;
				DEBUG_INFORMATION_FORMAT = dwarf;
				ENABLE_STRICT_OBJC_MSGSEND = YES;
				ENABLE_TESTABILITY = YES;
				ENABLE_USER_SCRIPT_SANDBOXING = YES;
				GCC_C_LANGUAGE_STANDARD = gnu17;
				GCC_DYNAMIC_NO_PIC = NO;
				GCC_NO_COMMON_BLOCKS = YES;
				GCC_OPTIMIZATION_LEVEL = 0;
				GCC_PREPROCESSOR_DEFINITIONS = (
					"DEBUG=1",
					"$(inherited)",
				);
				GCC_WARN_64_TO_32_BIT_CONVERSION = YES;
				GCC_WARN_ABOUT_RETURN_TYPE = YES_ERROR;
				GCC_WARN_UNDECLARED_SELECTOR = YES;
				GCC_WARN_UNINITIALIZED_AUTOS = YES_AGGRESSIVE;
				GCC_WARN_UNUSED_FUNCTION = YES;
				GCC_WARN_UNUSED_VARIABLE = YES;
				INFOPLIST_FILE = "";
				IPHONEOS_DEPLOYMENT_TARGET = 17.0;
				LOCALIZATION_PREFERS_STRING_CATALOGS = YES;
				MTL_ENABLE_DEBUG_INFO = INCLUDE_SOURCE;
				MTL_FAST_MATH = YES;
				ONLY_ACTIVE_ARCH = YES;
				SDKROOT = iphoneos;
				SWIFT_ACTIVE_COMPILATION_CONDITIONS = "DEBUG $(inherited)";
				SWIFT_OPTIMIZATION_LEVEL = "-Onone";
			};
			name = Debug;
		};
		4965B8EF2B73E2510008EB2C /* Release */ = {
			isa = XCBuildConfiguration;
			buildSettings = {
				ALWAYS_SEARCH_USER_PATHS = NO;
				ASSETCATALOG_COMPILER_GENERATE_SWIFT_ASSET_SYMBOL_EXTENSIONS = YES;
				CLANG_ANALYZER_NONNULL = YES;
				CLANG_ANALYZER_NUMBER_OBJECT_CONVERSION = YES_AGGRESSIVE;
				CLANG_CXX_LANGUAGE_STANDARD = "gnu++20";
				CLANG_ENABLE_MODULES = YES;
				CLANG_ENABLE_OBJC_ARC = YES;
				CLANG_ENABLE_OBJC_WEAK = YES;
				CLANG_WARN_BLOCK_CAPTURE_AUTORELEASING = YES;
				CLANG_WARN_BOOL_CONVERSION = YES;
				CLANG_WARN_COMMA = YES;
				CLANG_WARN_CONSTANT_CONVERSION = YES;
				CLANG_WARN_DEPRECATED_OBJC_IMPLEMENTATIONS = YES;
				CLANG_WARN_DIRECT_OBJC_ISA_USAGE = YES_ERROR;
				CLANG_WARN_DOCUMENTATION_COMMENTS = YES;
				CLANG_WARN_EMPTY_BODY = YES;
				CLANG_WARN_ENUM_CONVERSION = YES;
				CLANG_WARN_INFINITE_RECURSION = YES;
				CLANG_WARN_INT_CONVERSION = YES;
				CLANG_WARN_NON_LITERAL_NULL_CONVERSION = YES;
				CLANG_WARN_OBJC_IMPLICIT_RETAIN_SELF = YES;
				CLANG_WARN_OBJC_LITERAL_CONVERSION = YES;
				CLANG_WARN_OBJC_ROOT_CLASS = YES_ERROR;
				CLANG_WARN_QUOTED_INCLUDE_IN_FRAMEWORK_HEADER = YES;
				CLANG_WARN_RANGE_LOOP_ANALYSIS = YES;
				CLANG_WARN_STRICT_PROTOTYPES = YES;
				CLANG_WARN_SUSPICIOUS_MOVE = YES;
				CLANG_WARN_UNGUARDED_AVAILABILITY = YES_AGGRESSIVE;
				CLANG_WARN_UNREACHABLE_CODE = YES;
				CLANG_WARN__DUPLICATE_METHOD_MATCH = YES;
				COPY_PHASE_STRIP = NO;
				DEBUG_INFORMATION_FORMAT = "dwarf-with-dsym";
				ENABLE_NS_ASSERTIONS = NO;
				ENABLE_STRICT_OBJC_MSGSEND = YES;
				ENABLE_USER_SCRIPT_SANDBOXING = YES;
				GCC_C_LANGUAGE_STANDARD = gnu17;
				GCC_NO_COMMON_BLOCKS = YES;
				GCC_WARN_64_TO_32_BIT_CONVERSION = YES;
				GCC_WARN_ABOUT_RETURN_TYPE = YES_ERROR;
				GCC_WARN_UNDECLARED_SELECTOR = YES;
				GCC_WARN_UNINITIALIZED_AUTOS = YES_AGGRESSIVE;
				GCC_WARN_UNUSED_FUNCTION = YES;
				GCC_WARN_UNUSED_VARIABLE = YES;
				INFOPLIST_FILE = "";
				IPHONEOS_DEPLOYMENT_TARGET = 17.0;
				LOCALIZATION_PREFERS_STRING_CATALOGS = YES;
				MTL_ENABLE_DEBUG_INFO = NO;
				MTL_FAST_MATH = YES;
				SDKROOT = iphoneos;
				SWIFT_COMPILATION_MODE = wholemodule;
				VALIDATE_PRODUCT = YES;
			};
			name = Release;
		};
		4965B8F12B73E2510008EB2C /* Debug */ = {
			isa = XCBuildConfiguration;
			buildSettings = {
				ASSETCATALOG_COMPILER_APPICON_NAME = AppIcon;
				ASSETCATALOG_COMPILER_GLOBAL_ACCENT_COLOR_NAME = AccentColor;
				CODE_SIGN_STYLE = Automatic;
				CURRENT_PROJECT_VERSION = 1;
				GENERATE_INFOPLIST_FILE = YES;
				INFOPLIST_FILE = NapyWeather/Info.plist;
				INFOPLIST_KEY_LSApplicationCategoryType = "public.app-category.weather";
				INFOPLIST_KEY_NSLocationWhenInUseUsageDescription = "Необходим доступ к геоданным для автоматического предоставления данных о погоде в вашем регионе";
				INFOPLIST_KEY_UIApplicationSupportsIndirectInputEvents = YES;
				INFOPLIST_KEY_UILaunchStoryboardName = LaunchScreen;
				INFOPLIST_KEY_UIMainStoryboardFile = Main;
				INFOPLIST_KEY_UISupportedInterfaceOrientations = UIInterfaceOrientationPortrait;
				INFOPLIST_KEY_UISupportedInterfaceOrientations_iPad = "UIInterfaceOrientationLandscapeLeft UIInterfaceOrientationLandscapeRight UIInterfaceOrientationPortrait UIInterfaceOrientationPortraitUpsideDown";
				LD_RUNPATH_SEARCH_PATHS = (
					"$(inherited)",
					"@executable_path/Frameworks",
				);
				MARKETING_VERSION = 1.0;
				PRODUCT_BUNDLE_IDENTIFIER = ru.NapyWeather;
				PRODUCT_NAME = "$(TARGET_NAME)";
				SWIFT_EMIT_LOC_STRINGS = YES;
				SWIFT_VERSION = 5.0;
				TARGETED_DEVICE_FAMILY = "1,2";
			};
			name = Debug;
		};
		4965B8F22B73E2510008EB2C /* Release */ = {
			isa = XCBuildConfiguration;
			buildSettings = {
				ASSETCATALOG_COMPILER_APPICON_NAME = AppIcon;
				ASSETCATALOG_COMPILER_GLOBAL_ACCENT_COLOR_NAME = AccentColor;
				CODE_SIGN_STYLE = Automatic;
				CURRENT_PROJECT_VERSION = 1;
				GENERATE_INFOPLIST_FILE = YES;
				INFOPLIST_FILE = NapyWeather/Info.plist;
				INFOPLIST_KEY_LSApplicationCategoryType = "public.app-category.weather";
				INFOPLIST_KEY_NSLocationWhenInUseUsageDescription = "Необходим доступ к геоданным для автоматического предоставления данных о погоде в вашем регионе";
				INFOPLIST_KEY_UIApplicationSupportsIndirectInputEvents = YES;
				INFOPLIST_KEY_UILaunchStoryboardName = LaunchScreen;
				INFOPLIST_KEY_UIMainStoryboardFile = Main;
				INFOPLIST_KEY_UISupportedInterfaceOrientations = UIInterfaceOrientationPortrait;
				INFOPLIST_KEY_UISupportedInterfaceOrientations_iPad = "UIInterfaceOrientationLandscapeLeft UIInterfaceOrientationLandscapeRight UIInterfaceOrientationPortrait UIInterfaceOrientationPortraitUpsideDown";
				LD_RUNPATH_SEARCH_PATHS = (
					"$(inherited)",
					"@executable_path/Frameworks",
				);
				MARKETING_VERSION = 1.0;
				PRODUCT_BUNDLE_IDENTIFIER = ru.NapyWeather;
				PRODUCT_NAME = "$(TARGET_NAME)";
				SWIFT_EMIT_LOC_STRINGS = YES;
				SWIFT_VERSION = 5.0;
				TARGETED_DEVICE_FAMILY = "1,2";
			};
			name = Release;
		};
/* End XCBuildConfiguration section */

/* Begin XCConfigurationList section */
		4965B8D72B73E2500008EB2C /* Build configuration list for PBXProject "NapyWeather" */ = {
			isa = XCConfigurationList;
			buildConfigurations = (
				4965B8EE2B73E2510008EB2C /* Debug */,
				4965B8EF2B73E2510008EB2C /* Release */,
			);
			defaultConfigurationIsVisible = 0;
			defaultConfigurationName = Release;
		};
		4965B8F02B73E2510008EB2C /* Build configuration list for PBXNativeTarget "NapyWeather" */ = {
			isa = XCConfigurationList;
			buildConfigurations = (
				4965B8F12B73E2510008EB2C /* Debug */,
				4965B8F22B73E2510008EB2C /* Release */,
			);
			defaultConfigurationIsVisible = 0;
			defaultConfigurationName = Release;
		};
/* End XCConfigurationList section */

/* Begin XCRemoteSwiftPackageReference section */
		49F4C07D2BA22BBE0012BD47 /* XCRemoteSwiftPackageReference "firebase-ios-sdk" */ = {
			isa = XCRemoteSwiftPackageReference;
			repositoryURL = "https://github.com/firebase/firebase-ios-sdk";
			requirement = {
				kind = upToNextMajorVersion;
				minimumVersion = 10.22.1;
			};
		};
/* End XCRemoteSwiftPackageReference section */

/* Begin XCSwiftPackageProductDependency section */
		496713992BA2FC9C0043EA9A /* FirebaseAnalytics */ = {
			isa = XCSwiftPackageProductDependency;
			package = 49F4C07D2BA22BBE0012BD47 /* XCRemoteSwiftPackageReference "firebase-ios-sdk" */;
			productName = FirebaseAnalytics;
		};
		4967139B2BA2FC9C0043EA9A /* FirebaseAnalyticsOnDeviceConversion */ = {
			isa = XCSwiftPackageProductDependency;
			package = 49F4C07D2BA22BBE0012BD47 /* XCRemoteSwiftPackageReference "firebase-ios-sdk" */;
			productName = FirebaseAnalyticsOnDeviceConversion;
		};
		4967139D2BA2FC9C0043EA9A /* FirebaseAnalyticsSwift */ = {
			isa = XCSwiftPackageProductDependency;
			package = 49F4C07D2BA22BBE0012BD47 /* XCRemoteSwiftPackageReference "firebase-ios-sdk" */;
			productName = FirebaseAnalyticsSwift;
		};
		4967139F2BA2FC9C0043EA9A /* FirebaseAnalyticsWithoutAdIdSupport */ = {
			isa = XCSwiftPackageProductDependency;
			package = 49F4C07D2BA22BBE0012BD47 /* XCRemoteSwiftPackageReference "firebase-ios-sdk" */;
			productName = FirebaseAnalyticsWithoutAdIdSupport;
		};
		496713A12BA2FC9C0043EA9A /* FirebaseAppCheck */ = {
			isa = XCSwiftPackageProductDependency;
			package = 49F4C07D2BA22BBE0012BD47 /* XCRemoteSwiftPackageReference "firebase-ios-sdk" */;
			productName = FirebaseAppCheck;
		};
		496713A32BA2FC9C0043EA9A /* FirebaseAppDistribution-Beta */ = {
			isa = XCSwiftPackageProductDependency;
			package = 49F4C07D2BA22BBE0012BD47 /* XCRemoteSwiftPackageReference "firebase-ios-sdk" */;
			productName = "FirebaseAppDistribution-Beta";
		};
		496713A52BA2FC9C0043EA9A /* FirebaseAuth */ = {
			isa = XCSwiftPackageProductDependency;
			package = 49F4C07D2BA22BBE0012BD47 /* XCRemoteSwiftPackageReference "firebase-ios-sdk" */;
			productName = FirebaseAuth;
		};
		496713A72BA2FC9C0043EA9A /* FirebaseAuthCombine-Community */ = {
			isa = XCSwiftPackageProductDependency;
			package = 49F4C07D2BA22BBE0012BD47 /* XCRemoteSwiftPackageReference "firebase-ios-sdk" */;
			productName = "FirebaseAuthCombine-Community";
		};
		496713A92BA2FC9C0043EA9A /* FirebaseCrashlytics */ = {
			isa = XCSwiftPackageProductDependency;
			package = 49F4C07D2BA22BBE0012BD47 /* XCRemoteSwiftPackageReference "firebase-ios-sdk" */;
			productName = FirebaseCrashlytics;
		};
		496713AB2BA2FC9C0043EA9A /* FirebaseDatabase */ = {
			isa = XCSwiftPackageProductDependency;
			package = 49F4C07D2BA22BBE0012BD47 /* XCRemoteSwiftPackageReference "firebase-ios-sdk" */;
			productName = FirebaseDatabase;
		};
		496713AD2BA2FC9C0043EA9A /* FirebaseDatabaseSwift */ = {
			isa = XCSwiftPackageProductDependency;
			package = 49F4C07D2BA22BBE0012BD47 /* XCRemoteSwiftPackageReference "firebase-ios-sdk" */;
			productName = FirebaseDatabaseSwift;
		};
		496713AF2BA2FC9C0043EA9A /* FirebaseDynamicLinks */ = {
			isa = XCSwiftPackageProductDependency;
			package = 49F4C07D2BA22BBE0012BD47 /* XCRemoteSwiftPackageReference "firebase-ios-sdk" */;
			productName = FirebaseDynamicLinks;
		};
		496713B12BA2FC9C0043EA9A /* FirebaseFirestore */ = {
			isa = XCSwiftPackageProductDependency;
			package = 49F4C07D2BA22BBE0012BD47 /* XCRemoteSwiftPackageReference "firebase-ios-sdk" */;
			productName = FirebaseFirestore;
		};
		496713B32BA2FC9C0043EA9A /* FirebaseFirestoreCombine-Community */ = {
			isa = XCSwiftPackageProductDependency;
			package = 49F4C07D2BA22BBE0012BD47 /* XCRemoteSwiftPackageReference "firebase-ios-sdk" */;
			productName = "FirebaseFirestoreCombine-Community";
		};
		496713B52BA2FC9C0043EA9A /* FirebaseFirestoreSwift */ = {
			isa = XCSwiftPackageProductDependency;
			package = 49F4C07D2BA22BBE0012BD47 /* XCRemoteSwiftPackageReference "firebase-ios-sdk" */;
			productName = FirebaseFirestoreSwift;
		};
		496713B72BA2FC9C0043EA9A /* FirebaseFunctions */ = {
			isa = XCSwiftPackageProductDependency;
			package = 49F4C07D2BA22BBE0012BD47 /* XCRemoteSwiftPackageReference "firebase-ios-sdk" */;
			productName = FirebaseFunctions;
		};
		496713B92BA2FC9C0043EA9A /* FirebaseFunctionsCombine-Community */ = {
			isa = XCSwiftPackageProductDependency;
			package = 49F4C07D2BA22BBE0012BD47 /* XCRemoteSwiftPackageReference "firebase-ios-sdk" */;
			productName = "FirebaseFunctionsCombine-Community";
		};
		496713BB2BA2FC9C0043EA9A /* FirebaseInAppMessaging-Beta */ = {
			isa = XCSwiftPackageProductDependency;
			package = 49F4C07D2BA22BBE0012BD47 /* XCRemoteSwiftPackageReference "firebase-ios-sdk" */;
			productName = "FirebaseInAppMessaging-Beta";
		};
		496713BD2BA2FC9C0043EA9A /* FirebaseInAppMessagingSwift-Beta */ = {
			isa = XCSwiftPackageProductDependency;
			package = 49F4C07D2BA22BBE0012BD47 /* XCRemoteSwiftPackageReference "firebase-ios-sdk" */;
			productName = "FirebaseInAppMessagingSwift-Beta";
		};
		496713BF2BA2FC9C0043EA9A /* FirebaseInstallations */ = {
			isa = XCSwiftPackageProductDependency;
			package = 49F4C07D2BA22BBE0012BD47 /* XCRemoteSwiftPackageReference "firebase-ios-sdk" */;
			productName = FirebaseInstallations;
		};
		496713C12BA2FC9C0043EA9A /* FirebaseMLModelDownloader */ = {
			isa = XCSwiftPackageProductDependency;
			package = 49F4C07D2BA22BBE0012BD47 /* XCRemoteSwiftPackageReference "firebase-ios-sdk" */;
			productName = FirebaseMLModelDownloader;
		};
		496713C32BA2FC9C0043EA9A /* FirebaseMessaging */ = {
			isa = XCSwiftPackageProductDependency;
			package = 49F4C07D2BA22BBE0012BD47 /* XCRemoteSwiftPackageReference "firebase-ios-sdk" */;
			productName = FirebaseMessaging;
		};
		496713C52BA2FC9C0043EA9A /* FirebasePerformance */ = {
			isa = XCSwiftPackageProductDependency;
			package = 49F4C07D2BA22BBE0012BD47 /* XCRemoteSwiftPackageReference "firebase-ios-sdk" */;
			productName = FirebasePerformance;
		};
		496713C72BA2FC9C0043EA9A /* FirebaseRemoteConfig */ = {
			isa = XCSwiftPackageProductDependency;
			package = 49F4C07D2BA22BBE0012BD47 /* XCRemoteSwiftPackageReference "firebase-ios-sdk" */;
			productName = FirebaseRemoteConfig;
		};
		496713C92BA2FC9C0043EA9A /* FirebaseRemoteConfigSwift */ = {
			isa = XCSwiftPackageProductDependency;
			package = 49F4C07D2BA22BBE0012BD47 /* XCRemoteSwiftPackageReference "firebase-ios-sdk" */;
			productName = FirebaseRemoteConfigSwift;
		};
		496713CB2BA2FC9C0043EA9A /* FirebaseStorage */ = {
			isa = XCSwiftPackageProductDependency;
			package = 49F4C07D2BA22BBE0012BD47 /* XCRemoteSwiftPackageReference "firebase-ios-sdk" */;
			productName = FirebaseStorage;
		};
		496713CD2BA2FC9C0043EA9A /* FirebaseStorageCombine-Community */ = {
			isa = XCSwiftPackageProductDependency;
			package = 49F4C07D2BA22BBE0012BD47 /* XCRemoteSwiftPackageReference "firebase-ios-sdk" */;
			productName = "FirebaseStorageCombine-Community";
		};
		49F4C07E2BA22BBE0012BD47 /* FirebaseAnalytics */ = {
			isa = XCSwiftPackageProductDependency;
			package = 49F4C07D2BA22BBE0012BD47 /* XCRemoteSwiftPackageReference "firebase-ios-sdk" */;
			productName = FirebaseAnalytics;
		};
		49F4C0802BA22BBE0012BD47 /* FirebaseAnalyticsOnDeviceConversion */ = {
			isa = XCSwiftPackageProductDependency;
			package = 49F4C07D2BA22BBE0012BD47 /* XCRemoteSwiftPackageReference "firebase-ios-sdk" */;
			productName = FirebaseAnalyticsOnDeviceConversion;
		};
		49F4C0822BA22BBE0012BD47 /* FirebaseAnalyticsSwift */ = {
			isa = XCSwiftPackageProductDependency;
			package = 49F4C07D2BA22BBE0012BD47 /* XCRemoteSwiftPackageReference "firebase-ios-sdk" */;
			productName = FirebaseAnalyticsSwift;
		};
		49F4C0842BA22BBE0012BD47 /* FirebaseAnalyticsWithoutAdIdSupport */ = {
			isa = XCSwiftPackageProductDependency;
			package = 49F4C07D2BA22BBE0012BD47 /* XCRemoteSwiftPackageReference "firebase-ios-sdk" */;
			productName = FirebaseAnalyticsWithoutAdIdSupport;
		};
		49F4C0862BA22BBE0012BD47 /* FirebaseAppCheck */ = {
			isa = XCSwiftPackageProductDependency;
			package = 49F4C07D2BA22BBE0012BD47 /* XCRemoteSwiftPackageReference "firebase-ios-sdk" */;
			productName = FirebaseAppCheck;
		};
/* End XCSwiftPackageProductDependency section */
	};
	rootObject = 4965B8D42B73E2500008EB2C /* Project object */;
}
